<?xml version="1.0" encoding="utf-8"?>
<Project ToolsVersion="4.0" xmlns="http://schemas.microsoft.com/developer/msbuild/2003">
  <ItemGroup>
    <Filter Include="source">
      <UniqueIdentifier>{d2601bad-eaf1-4d0c-b505-a0273b6093fd}</UniqueIdentifier>
      <Extensions>cpp;c;cxx;def;odl;idl;hpj;bat;asm</Extensions>
    </Filter>
    <Filter Include="include">
      <UniqueIdentifier>{e230aab6-0fbf-4376-b446-33fd64c29e46}</UniqueIdentifier>
      <Extensions>h;hpp;hxx;hm;inl;inc</Extensions>
    </Filter>
    <Filter Include="resource">
      <UniqueIdentifier>{7e4dda19-8a29-451e-9370-6687ce96ddca}</UniqueIdentifier>
      <Extensions>rc;ico;cur;bmp;dlg;rc2;rct;bin;rgs;jpg;jpeg;jpe;png;manifest</Extensions>
    </Filter>
  </ItemGroup>
  <ItemGroup>
    <None Include="res\BrickCross.ico">
      <Filter>resource</Filter>
    </None>
    <None Include="..\Resources\CloseSelected.png">
      <Filter>resource</Filter>
    </None>
    <None Include="..\Resources\CloseNormal.png">
      <Filter>resource</Filter>
    </None>
    <None Include="..\Resources\HelloWorld.png">
      <Filter>resource</Filter>
    </None>
  </ItemGroup>
  <ItemGroup>
    <ResourceCompile Include="BrickCross.rc">
      <Filter>resource</Filter>
    </ResourceCompile>
  </ItemGroup>
  <ItemGroup>
    <ClInclude Include="resource.h">
      <Filter>include</Filter>
    </ClInclude>
    <ClInclude Include="main.h">
      <Filter>include</Filter>
    </ClInclude>
    <ClInclude Include="..\Classes\AppDelegate.h">
      <Filter>include</Filter>
    </ClInclude>
    <ClInclude Include="..\Classes\HelloWorldScene.h">
      <Filter>include</Filter>
    </ClInclude>
    <ClInclude Include="..\Classes\GameStartScene.h">
      <Filter>include</Filter>
    </ClInclude>
    <ClInclude Include="..\Classes\TimeBar.h">
      <Filter>include</Filter>
    </ClInclude>
    <ClInclude Include="..\Classes\Brick.h">
      <Filter>include</Filter>
    </ClInclude>
    <ClInclude Include="..\Classes\BrickGameScene.h">
      <Filter>include</Filter>
    </ClInclude>
    <ClInclude Include="..\Classes\GameOverScene.h">
      <Filter>include</Filter>
    </ClInclude>
    <ClInclude Include="..\Classes\MultiPlayerBrickGameScene.h">
      <Filter>include</Filter>
    </ClInclude>
    <ClInclude Include="..\Classes\MultiPlayConstant.h">
      <Filter>include</Filter>
    </ClInclude>
    <ClInclude Include="..\Classes\Player.h">
      <Filter>include</Filter>
    </ClInclude>
    <ClInclude Include="..\Classes\NetworkLogic.h">
      <Filter>include</Filter>
    </ClInclude>
    <ClInclude Include="..\Classes\OutputListener.h">
      <Filter>include</Filter>
    </ClInclude>
  </ItemGroup>
  <ItemGroup>
    <ClCompile Include="main.cpp">
      <Filter>source</Filter>
    </ClCompile>
    <ClCompile Include="..\Classes\AppDelegate.cpp">
      <Filter>source</Filter>
    </ClCompile>
    <ClCompile Include="..\Classes\HelloWorldScene.cpp">
      <Filter>source</Filter>
    </ClCompile>
    <ClCompile Include="..\Classes\TimeBar.cpp">
      <Filter>source</Filter>
    </ClCompile>
    <ClCompile Include="..\Classes\Brick.cpp">
      <Filter>source</Filter>
    </ClCompile>
    <ClCompile Include="..\Classes\BrickGameScene.cpp">
      <Filter>source</Filter>
    </ClCompile>
    <ClCompile Include="..\Classes\GameOverScene.cpp">
      <Filter>source</Filter>
    </ClCompile>
    <ClCompile Include="..\Classes\GameStartScene.cpp">
      <Filter>source</Filter>
    </ClCompile>
    <ClCompile Include="..\Classes\MultiPlayerBrickGameScene.cpp">
      <Filter>source</Filter>
    </ClCompile>
    <ClCompile Include="..\Classes\Player.cpp">
      <Filter>source</Filter>
    </ClCompile>
    <ClCompile Include="..\Classes\NetworkLogic.cpp">
      <Filter>source</Filter>
    </ClCompile>
  </ItemGroup>
</Project>